
Microsoft Visual Studio Solution File, Format Version 12.00
# Visual Studio 15
VisualStudioVersion = 15.0.28307.1022
MinimumVisualStudioVersion = 10.0.40219.1
Project("{FAE04EC0-301F-11D3-BF4B-00C04F79EFBC}") = "Random-Content-ID", "Random-Content-ID\Random-Content-ID.csproj", "{F77655BE-C84A-4B23-8B6C-85F712BEE973}"
EndProject
Global
	GlobalSection(SolutionConfigurationPlatforms) = preSolution
		Debug|Any CPU = Debug|Any CPU
		Release|Any CPU = Release|Any CPU
	EndGlobalSection
	GlobalSection(ProjectConfigurationPlatforms) = postSolution
		{F77655BE-C84A-4B23-8B6C-85F712BEE973}.Debug|Any CPU.ActiveCfg = Debug|Any CPU
		{F77655BE-C84A-4B23-8B6C-85F712BEE973}.Debug|Any CPU.Build.0 = Debug|Any CPU
		{F77655BE-C84A-4B23-8B6C-85F712BEE973}.Release|Any CPU.ActiveCfg = Release|Any CPU
		{F77655BE-C84A-4B23-8B6C-85F712BEE973}.Release|Any CPU.Build.0 = Release|Any CPU
	EndGlobalSection
	GlobalSection(SolutionProperties) = preSolution
		HideSolutionNode = FALSE
	EndGlobalSection
	GlobalSection(ExtensibilityGlobals) = postSolution
		SolutionGuid = {B1ADD588-7492-4F76-A4B5-EF8D86C9F2D7}
	EndGlobalSection
EndGlobal
